
Microsoft Visual Studio Solution File, Format Version 12.00
# Visual Studio Version 16
VisualStudioVersion = 16.0.31729.503
MinimumVisualStudioVersion = 10.0.40219.1
Project("{FAE04EC0-301F-11D3-BF4B-00C04F79EFBC}") = "CourierServiceWindowsFormsApp", "CourierServiceWindowsFormsApp\CourierServiceWindowsFormsApp.csproj", "{DBF6FB2D-D352-44AE-BF86-13930D102323}"
EndProject
Global
	GlobalSection(SolutionConfigurationPlatforms) = preSolution
		Debug|Any CPU = Debug|Any CPU
		Release|Any CPU = Release|Any CPU
	EndGlobalSection
	GlobalSection(ProjectConfigurationPlatforms) = postSolution
		{DBF6FB2D-D352-44AE-BF86-13930D102323}.Debug|Any CPU.ActiveCfg = Debug|Any CPU
		{DBF6FB2D-D352-44AE-BF86-13930D102323}.Debug|Any CPU.Build.0 = Debug|Any CPU
		{DBF6FB2D-D352-44AE-BF86-13930D102323}.Release|Any CPU.ActiveCfg = Release|Any CPU
		{DBF6FB2D-D352-44AE-BF86-13930D102323}.Release|Any CPU.Build.0 = Release|Any CPU
	EndGlobalSection
	GlobalSection(SolutionProperties) = preSolution
		HideSolutionNode = FALSE
	EndGlobalSection
	GlobalSection(ExtensibilityGlobals) = postSolution
		SolutionGuid = {82A8F8D2-0741-4201-9843-F4CE8DD2B73D}
	EndGlobalSection
EndGlobal
